
Microsoft Visual Studio Solution File, Format Version 12.00
# Visual Studio Version 16
VisualStudioVersion = 16.0.31829.152
MinimumVisualStudioVersion = 10.0.40219.1
Project("{FAE04EC0-301F-11D3-BF4B-00C04F79EFBC}") = "Задание 8.2", "Задание 8.2\Задание 8.2.csproj", "{B2EF065C-6051-4916-BC6C-5EEEAEF880D7}"
EndProject
Global
	GlobalSection(SolutionConfigurationPlatforms) = preSolution
		Debug|Any CPU = Debug|Any CPU
		Release|Any CPU = Release|Any CPU
	EndGlobalSection
	GlobalSection(ProjectConfigurationPlatforms) = postSolution
		{B2EF065C-6051-4916-BC6C-5EEEAEF880D7}.Debug|Any CPU.ActiveCfg = Debug|Any CPU
		{B2EF065C-6051-4916-BC6C-5EEEAEF880D7}.Debug|Any CPU.Build.0 = Debug|Any CPU
		{B2EF065C-6051-4916-BC6C-5EEEAEF880D7}.Release|Any CPU.ActiveCfg = Release|Any CPU
		{B2EF065C-6051-4916-BC6C-5EEEAEF880D7}.Release|Any CPU.Build.0 = Release|Any CPU
	EndGlobalSection
	GlobalSection(SolutionProperties) = preSolution
		HideSolutionNode = FALSE
	EndGlobalSection
	GlobalSection(ExtensibilityGlobals) = postSolution
		SolutionGuid = {17F1F2E1-1E65-4E0D-BEE2-3467D4B5FDBC}
	EndGlobalSection
EndGlobal
